
Microsoft Visual Studio Solution File, Format Version 12.00
# Visual Studio Version 17
VisualStudioVersion = 17.0.31903.59
MinimumVisualStudioVersion = 10.0.40219.1
Project("{2150E333-8FDC-42A3-9474-1A3956D46DE8}") = "src", "src", "{8053C5F5-C304-4DA4-8F7E-8827B0A7D5A1}"
EndProject
Project("{9A19103F-16F7-4668-BE54-9A1E7A4F7556}") = "ProductHub.Api", "src\ProductHub.Api\ProductHub.Api.csproj", "{A22783E0-B7BD-4EF1-8430-DCDB0DACEE5B}"
EndProject
Project("{FAE04EC0-301F-11D3-BF4B-00C04F79EFBC}") = "ProductHub.Application", "src\ProductHub.Application\ProductHub.Application.csproj", "{620C548F-7371-4A88-9817-5380276CF700}"
EndProject
Project("{FAE04EC0-301F-11D3-BF4B-00C04F79EFBC}") = "ProductHub.Domain", "src\ProductHub.Domain\ProductHub.Domain.csproj", "{71ED65EA-0133-4315-BD40-148672BAC5C7}"
EndProject
Project("{FAE04EC0-301F-11D3-BF4B-00C04F79EFBC}") = "ProductHub.Infrastructure", "src\ProductHub.Infrastructure\ProductHub.Infrastructure.csproj", "{18F3822D-702D-4172-8394-799E0AA4CC5B}"
EndProject
Project("{2150E333-8FDC-42A3-9474-1A3956D46DE8}") = "tests", "tests", "{66D299C5-4CAE-48B9-A1A6-22EA6D7090F4}"
EndProject
Project("{2150E333-8FDC-42A3-9474-1A3956D46DE8}") = "Unit", "Unit", "{7FCF02E9-EB2E-42C7-872A-551FAD56ED08}"
EndProject
Project("{FAE04EC0-301F-11D3-BF4B-00C04F79EFBC}") = "ProductHub.UnitTests", "tests\Unit\ProductHub.UnitTests\ProductHub.UnitTests.csproj", "{6D3ED8AF-3A49-41BD-AE3D-53BBF6A214D5}"
EndProject
Project("{2150E333-8FDC-42A3-9474-1A3956D46DE8}") = "Integration", "Integration", "{68C20521-5DC8-459C-BB59-3E3C23D786AB}"
EndProject
Project("{FAE04EC0-301F-11D3-BF4B-00C04F79EFBC}") = "ProductHub.IntegrationTests", "tests\Integration\ProductHub.IntegrationTests\ProductHub.IntegrationTests.csproj", "{587012DB-AE1C-43A0-878C-5678E5E57DDB}"
EndProject
Project("{FAE04EC0-301F-11D3-BF4B-00C04F79EFBC}") = "ProductHub.Application.Contracts", "src\ProductHub.Application.Contracts\ProductHub.Application.Contracts.csproj", "{45C3434B-D0ED-4A61-9077-19920FE5462E}"
EndProject
Global
	GlobalSection(SolutionConfigurationPlatforms) = preSolution
		Debug|Any CPU = Debug|Any CPU
		Release|Any CPU = Release|Any CPU
	EndGlobalSection
	GlobalSection(ProjectConfigurationPlatforms) = postSolution
		{A22783E0-B7BD-4EF1-8430-DCDB0DACEE5B}.Debug|Any CPU.ActiveCfg = Debug|Any CPU
		{A22783E0-B7BD-4EF1-8430-DCDB0DACEE5B}.Debug|Any CPU.Build.0 = Debug|Any CPU
		{A22783E0-B7BD-4EF1-8430-DCDB0DACEE5B}.Release|Any CPU.ActiveCfg = Release|Any CPU
		{A22783E0-B7BD-4EF1-8430-DCDB0DACEE5B}.Release|Any CPU.Build.0 = Release|Any CPU
		{620C548F-7371-4A88-9817-5380276CF700}.Debug|Any CPU.ActiveCfg = Debug|Any CPU
		{620C548F-7371-4A88-9817-5380276CF700}.Debug|Any CPU.Build.0 = Debug|Any CPU
		{620C548F-7371-4A88-9817-5380276CF700}.Release|Any CPU.ActiveCfg = Release|Any CPU
		{620C548F-7371-4A88-9817-5380276CF700}.Release|Any CPU.Build.0 = Release|Any CPU
		{71ED65EA-0133-4315-BD40-148672BAC5C7}.Debug|Any CPU.ActiveCfg = Debug|Any CPU
		{71ED65EA-0133-4315-BD40-148672BAC5C7}.Debug|Any CPU.Build.0 = Debug|Any CPU
		{71ED65EA-0133-4315-BD40-148672BAC5C7}.Release|Any CPU.ActiveCfg = Release|Any CPU
		{71ED65EA-0133-4315-BD40-148672BAC5C7}.Release|Any CPU.Build.0 = Release|Any CPU
		{18F3822D-702D-4172-8394-799E0AA4CC5B}.Debug|Any CPU.ActiveCfg = Debug|Any CPU
		{18F3822D-702D-4172-8394-799E0AA4CC5B}.Debug|Any CPU.Build.0 = Debug|Any CPU
		{18F3822D-702D-4172-8394-799E0AA4CC5B}.Release|Any CPU.ActiveCfg = Release|Any CPU
		{18F3822D-702D-4172-8394-799E0AA4CC5B}.Release|Any CPU.Build.0 = Release|Any CPU
		{6D3ED8AF-3A49-41BD-AE3D-53BBF6A214D5}.Debug|Any CPU.ActiveCfg = Debug|Any CPU
		{6D3ED8AF-3A49-41BD-AE3D-53BBF6A214D5}.Debug|Any CPU.Build.0 = Debug|Any CPU
		{6D3ED8AF-3A49-41BD-AE3D-53BBF6A214D5}.Release|Any CPU.ActiveCfg = Release|Any CPU
		{6D3ED8AF-3A49-41BD-AE3D-53BBF6A214D5}.Release|Any CPU.Build.0 = Release|Any CPU
		{587012DB-AE1C-43A0-878C-5678E5E57DDB}.Debug|Any CPU.ActiveCfg = Debug|Any CPU
		{587012DB-AE1C-43A0-878C-5678E5E57DDB}.Debug|Any CPU.Build.0 = Debug|Any CPU
		{587012DB-AE1C-43A0-878C-5678E5E57DDB}.Release|Any CPU.ActiveCfg = Release|Any CPU
		{587012DB-AE1C-43A0-878C-5678E5E57DDB}.Release|Any CPU.Build.0 = Release|Any CPU
		{45C3434B-D0ED-4A61-9077-19920FE5462E}.Debug|Any CPU.ActiveCfg = Debug|Any CPU
		{45C3434B-D0ED-4A61-9077-19920FE5462E}.Debug|Any CPU.Build.0 = Debug|Any CPU
		{45C3434B-D0ED-4A61-9077-19920FE5462E}.Release|Any CPU.ActiveCfg = Release|Any CPU
		{45C3434B-D0ED-4A61-9077-19920FE5462E}.Release|Any CPU.Build.0 = Release|Any CPU
	EndGlobalSection
	GlobalSection(SolutionProperties) = preSolution
		HideSolutionNode = FALSE
	EndGlobalSection
	GlobalSection(NestedProjects) = preSolution
		{A22783E0-B7BD-4EF1-8430-DCDB0DACEE5B} = {8053C5F5-C304-4DA4-8F7E-8827B0A7D5A1}
		{620C548F-7371-4A88-9817-5380276CF700} = {8053C5F5-C304-4DA4-8F7E-8827B0A7D5A1}
		{71ED65EA-0133-4315-BD40-148672BAC5C7} = {8053C5F5-C304-4DA4-8F7E-8827B0A7D5A1}
		{18F3822D-702D-4172-8394-799E0AA4CC5B} = {8053C5F5-C304-4DA4-8F7E-8827B0A7D5A1}
		{7FCF02E9-EB2E-42C7-872A-551FAD56ED08} = {66D299C5-4CAE-48B9-A1A6-22EA6D7090F4}
		{6D3ED8AF-3A49-41BD-AE3D-53BBF6A214D5} = {7FCF02E9-EB2E-42C7-872A-551FAD56ED08}
		{68C20521-5DC8-459C-BB59-3E3C23D786AB} = {66D299C5-4CAE-48B9-A1A6-22EA6D7090F4}
		{587012DB-AE1C-43A0-878C-5678E5E57DDB} = {68C20521-5DC8-459C-BB59-3E3C23D786AB}
		{45C3434B-D0ED-4A61-9077-19920FE5462E} = {8053C5F5-C304-4DA4-8F7E-8827B0A7D5A1}
	EndGlobalSection
EndGlobal
