
Microsoft Visual Studio Solution File, Format Version 12.00
# Visual Studio Version 17
VisualStudioVersion = 17.0.31903.59
MinimumVisualStudioVersion = 10.0.40219.1
Project("{2150E333-8FDC-42A3-9474-1A3956D46DE8}") = "src", "src", "{8053C5F5-C304-4DA4-8F7E-8827B0A7D5A1}"
EndProject
Project("{FAE04EC0-301F-11D3-BF4B-00C04F79EFBC}") = "ProductHub.Api", "src\ProductHub.Api\ProductHub.Api.csproj", "{A22783E0-B7BD-4EF1-8430-DCDB0DACEE5B}"
EndProject
Global
	GlobalSection(SolutionConfigurationPlatforms) = preSolution
		Debug|Any CPU = Debug|Any CPU
		Release|Any CPU = Release|Any CPU
	EndGlobalSection
	GlobalSection(SolutionProperties) = preSolution
		HideSolutionNode = FALSE
	EndGlobalSection
	GlobalSection(ProjectConfigurationPlatforms) = postSolution
		{A22783E0-B7BD-4EF1-8430-DCDB0DACEE5B}.Debug|Any CPU.ActiveCfg = Debug|Any CPU
		{A22783E0-B7BD-4EF1-8430-DCDB0DACEE5B}.Debug|Any CPU.Build.0 = Debug|Any CPU
		{A22783E0-B7BD-4EF1-8430-DCDB0DACEE5B}.Release|Any CPU.ActiveCfg = Release|Any CPU
		{A22783E0-B7BD-4EF1-8430-DCDB0DACEE5B}.Release|Any CPU.Build.0 = Release|Any CPU
	EndGlobalSection
	GlobalSection(NestedProjects) = preSolution
		{A22783E0-B7BD-4EF1-8430-DCDB0DACEE5B} = {8053C5F5-C304-4DA4-8F7E-8827B0A7D5A1}
	EndGlobalSection
EndGlobal
